// !$*UTF8*$!
{
	archiveVersion = 1;
	classes = {
	};
	objectVersion = 56;
	objects = {

/* Begin PBXBuildFile section */
		FF072B0C2AC5DBA4008C9D3F /* MainPage.swift in Sources */ = {isa = PBXBuildFile; fileRef = FF072B0B2AC5DBA4008C9D3F /* MainPage.swift */; };
		FF072B0F2AC5DF1C008C9D3F /* Home.swift in Sources */ = {isa = PBXBuildFile; fileRef = FF072B0E2AC5DF1C008C9D3F /* Home.swift */; };
		FF072B122AC5E1D6008C9D3F /* Product.swift in Sources */ = {isa = PBXBuildFile; fileRef = FF072B112AC5E1D6008C9D3F /* Product.swift */; };
		FF072B142AC5E333008C9D3F /* HomeViewModel.swift in Sources */ = {isa = PBXBuildFile; fileRef = FF072B132AC5E333008C9D3F /* HomeViewModel.swift */; };
		FF072B162AC6D4A0008C9D3F /* MoreProductsView.swift in Sources */ = {isa = PBXBuildFile; fileRef = FF072B152AC6D4A0008C9D3F /* MoreProductsView.swift */; };
		FF2CB5972AC31AAD007DAC1F /* SwiftUI_E_CommerceUIApp.swift in Sources */ = {isa = PBXBuildFile; fileRef = FF2CB5962AC31AAD007DAC1F /* SwiftUI_E_CommerceUIApp.swift */; };
		FF2CB5992AC31AAD007DAC1F /* ContentView.swift in Sources */ = {isa = PBXBuildFile; fileRef = FF2CB5982AC31AAD007DAC1F /* ContentView.swift */; };
		FF2CB59F2AC31AAE007DAC1F /* Preview Assets.xcassets in Resources */ = {isa = PBXBuildFile; fileRef = FF2CB59E2AC31AAE007DAC1F /* Preview Assets.xcassets */; };
		FF2CB5A62AC31AF6007DAC1F /* Assets.xcassets in Resources */ = {isa = PBXBuildFile; fileRef = FF2CB5A52AC31AF6007DAC1F /* Assets.xcassets */; };
		FF2CB5AB2AC31C2A007DAC1F /* Raleway-SemiBold.ttf in Resources */ = {isa = PBXBuildFile; fileRef = FF2CB5A82AC31C29007DAC1F /* Raleway-SemiBold.ttf */; };
		FF2CB5AC2AC31C2A007DAC1F /* Raleway-Bold.ttf in Resources */ = {isa = PBXBuildFile; fileRef = FF2CB5A92AC31C2A007DAC1F /* Raleway-Bold.ttf */; };
		FF2CB5AD2AC31C2A007DAC1F /* Raleway-Regular.ttf in Resources */ = {isa = PBXBuildFile; fileRef = FF2CB5AA2AC31C2A007DAC1F /* Raleway-Regular.ttf */; };
		FF2CB5B12AC31D13007DAC1F /* OnboardingPage.swift in Sources */ = {isa = PBXBuildFile; fileRef = FF2CB5B02AC31D13007DAC1F /* OnboardingPage.swift */; };
		FF2CB5B32AC32009007DAC1F /* LoginPage.swift in Sources */ = {isa = PBXBuildFile; fileRef = FF2CB5B22AC32009007DAC1F /* LoginPage.swift */; };
		FF2CB5B62AC32025007DAC1F /* LoginPageViewModel.swift in Sources */ = {isa = PBXBuildFile; fileRef = FF2CB5B52AC32025007DAC1F /* LoginPageViewModel.swift */; };
		FF2CB5B82AC419F6007DAC1F /* CustomCorner.swift in Sources */ = {isa = PBXBuildFile; fileRef = FF2CB5B72AC419F6007DAC1F /* CustomCorner.swift */; };
/* End PBXBuildFile section */

/* Begin PBXFileReference section */
		FF072B0B2AC5DBA4008C9D3F /* MainPage.swift */ = {isa = PBXFileReference; lastKnownFileType = sourcecode.swift; path = MainPage.swift; sourceTree = "<group>"; };
		FF072B0E2AC5DF1C008C9D3F /* Home.swift */ = {isa = PBXFileReference; lastKnownFileType = sourcecode.swift; path = Home.swift; sourceTree = "<group>"; };
		FF072B112AC5E1D6008C9D3F /* Product.swift */ = {isa = PBXFileReference; lastKnownFileType = sourcecode.swift; path = Product.swift; sourceTree = "<group>"; };
		FF072B132AC5E333008C9D3F /* HomeViewModel.swift */ = {isa = PBXFileReference; lastKnownFileType = sourcecode.swift; path = HomeViewModel.swift; sourceTree = "<group>"; };
		FF072B152AC6D4A0008C9D3F /* MoreProductsView.swift */ = {isa = PBXFileReference; lastKnownFileType = sourcecode.swift; path = MoreProductsView.swift; sourceTree = "<group>"; };
		FF2CB5932AC31AAD007DAC1F /* SwiftUI_E-CommerceUI.app */ = {isa = PBXFileReference; explicitFileType = wrapper.application; includeInIndex = 0; path = "SwiftUI_E-CommerceUI.app"; sourceTree = BUILT_PRODUCTS_DIR; };
		FF2CB5962AC31AAD007DAC1F /* SwiftUI_E_CommerceUIApp.swift */ = {isa = PBXFileReference; lastKnownFileType = sourcecode.swift; path = SwiftUI_E_CommerceUIApp.swift; sourceTree = "<group>"; };
		FF2CB5982AC31AAD007DAC1F /* ContentView.swift */ = {isa = PBXFileReference; lastKnownFileType = sourcecode.swift; path = ContentView.swift; sourceTree = "<group>"; };
		FF2CB59C2AC31AAE007DAC1F /* SwiftUI_E_CommerceUI.entitlements */ = {isa = PBXFileReference; lastKnownFileType = text.plist.entitlements; path = SwiftUI_E_CommerceUI.entitlements; sourceTree = "<group>"; };
		FF2CB59E2AC31AAE007DAC1F /* Preview Assets.xcassets */ = {isa = PBXFileReference; lastKnownFileType = folder.assetcatalog; path = "Preview Assets.xcassets"; sourceTree = "<group>"; };
		FF2CB5A52AC31AF6007DAC1F /* Assets.xcassets */ = {isa = PBXFileReference; lastKnownFileType = folder.assetcatalog; path = Assets.xcassets; sourceTree = "<group>"; };
		FF2CB5A82AC31C29007DAC1F /* Raleway-SemiBold.ttf */ = {isa = PBXFileReference; lastKnownFileType = file; path = "Raleway-SemiBold.ttf"; sourceTree = "<group>"; };
		FF2CB5A92AC31C2A007DAC1F /* Raleway-Bold.ttf */ = {isa = PBXFileReference; lastKnownFileType = file; path = "Raleway-Bold.ttf"; sourceTree = "<group>"; };
		FF2CB5AA2AC31C2A007DAC1F /* Raleway-Regular.ttf */ = {isa = PBXFileReference; lastKnownFileType = file; path = "Raleway-Regular.ttf"; sourceTree = "<group>"; };
		FF2CB5AE2AC31C72007DAC1F /* SwiftUI-E-CommerceUI-Info.plist */ = {isa = PBXFileReference; lastKnownFileType = text.plist; path = "SwiftUI-E-CommerceUI-Info.plist"; sourceTree = SOURCE_ROOT; };
		FF2CB5B02AC31D13007DAC1F /* OnboardingPage.swift */ = {isa = PBXFileReference; lastKnownFileType = sourcecode.swift; path = OnboardingPage.swift; sourceTree = "<group>"; };
		FF2CB5B22AC32009007DAC1F /* LoginPage.swift */ = {isa = PBXFileReference; lastKnownFileType = sourcecode.swift; path = LoginPage.swift; sourceTree = "<group>"; };
		FF2CB5B52AC32025007DAC1F /* LoginPageViewModel.swift */ = {isa = PBXFileReference; lastKnownFileType = sourcecode.swift; path = LoginPageViewModel.swift; sourceTree = "<group>"; };
		FF2CB5B72AC419F6007DAC1F /* CustomCorner.swift */ = {isa = PBXFileReference; lastKnownFileType = sourcecode.swift; path = CustomCorner.swift; sourceTree = "<group>"; };
/* End PBXFileReference section */

/* Begin PBXFrameworksBuildPhase section */
		FF2CB5902AC31AAD007DAC1F /* Frameworks */ = {
			isa = PBXFrameworksBuildPhase;
			buildActionMask = 2147483647;
			files = (
			);
			runOnlyForDeploymentPostprocessing = 0;
		};
/* End PBXFrameworksBuildPhase section */

/* Begin PBXGroup section */
		FF072B102AC5E1C4008C9D3F /* Model */ = {
			isa = PBXGroup;
			children = (
				FF072B112AC5E1D6008C9D3F /* Product.swift */,
			);
			path = Model;
			sourceTree = "<group>";
		};
		FF2CB58A2AC31AAD007DAC1F = {
			isa = PBXGroup;
			children = (
				FF2CB5A72AC31C13007DAC1F /* Fonts */,
				FF2CB5952AC31AAD007DAC1F /* SwiftUI_E-CommerceUI */,
				FF2CB5942AC31AAD007DAC1F /* Products */,
			);
			sourceTree = "<group>";
		};
		FF2CB5942AC31AAD007DAC1F /* Products */ = {
			isa = PBXGroup;
			children = (
				FF2CB5932AC31AAD007DAC1F /* SwiftUI_E-CommerceUI.app */,
			);
			name = Products;
			sourceTree = "<group>";
		};
		FF2CB5952AC31AAD007DAC1F /* SwiftUI_E-CommerceUI */ = {
			isa = PBXGroup;
			children = (
				FF072B102AC5E1C4008C9D3F /* Model */,
				FF2CB5B42AC32015007DAC1F /* ViewModel */,
				FF2CB5AF2AC31D02007DAC1F /* View */,
				FF2CB5AE2AC31C72007DAC1F /* SwiftUI-E-CommerceUI-Info.plist */,
				FF2CB5962AC31AAD007DAC1F /* SwiftUI_E_CommerceUIApp.swift */,
				FF2CB5982AC31AAD007DAC1F /* ContentView.swift */,
				FF2CB5A52AC31AF6007DAC1F /* Assets.xcassets */,
				FF2CB59C2AC31AAE007DAC1F /* SwiftUI_E_CommerceUI.entitlements */,
				FF2CB59D2AC31AAE007DAC1F /* Preview Content */,
			);
			path = "SwiftUI_E-CommerceUI";
			sourceTree = "<group>";
		};
		FF2CB59D2AC31AAE007DAC1F /* Preview Content */ = {
			isa = PBXGroup;
			children = (
				FF2CB59E2AC31AAE007DAC1F /* Preview Assets.xcassets */,
			);
			path = "Preview Content";
			sourceTree = "<group>";
		};
		FF2CB5A72AC31C13007DAC1F /* Fonts */ = {
			isa = PBXGroup;
			children = (
				FF2CB5A92AC31C2A007DAC1F /* Raleway-Bold.ttf */,
				FF2CB5AA2AC31C2A007DAC1F /* Raleway-Regular.ttf */,
				FF2CB5A82AC31C29007DAC1F /* Raleway-SemiBold.ttf */,
			);
			path = Fonts;
			sourceTree = "<group>";
		};
		FF2CB5AF2AC31D02007DAC1F /* View */ = {
			isa = PBXGroup;
			children = (
				FF2CB5B02AC31D13007DAC1F /* OnboardingPage.swift */,
				FF2CB5B22AC32009007DAC1F /* LoginPage.swift */,
				FF2CB5B72AC419F6007DAC1F /* CustomCorner.swift */,
				FF072B0B2AC5DBA4008C9D3F /* MainPage.swift */,
				FF072B0E2AC5DF1C008C9D3F /* Home.swift */,
				FF072B152AC6D4A0008C9D3F /* MoreProductsView.swift */,
			);
			path = View;
			sourceTree = "<group>";
		};
		FF2CB5B42AC32015007DAC1F /* ViewModel */ = {
			isa = PBXGroup;
			children = (
				FF2CB5B52AC32025007DAC1F /* LoginPageViewModel.swift */,
				FF072B132AC5E333008C9D3F /* HomeViewModel.swift */,
			);
			path = ViewModel;
			sourceTree = "<group>";
		};
/* End PBXGroup section */

/* Begin PBXNativeTarget section */
		FF2CB5922AC31AAD007DAC1F /* SwiftUI_E-CommerceUI */ = {
			isa = PBXNativeTarget;
			buildConfigurationList = FF2CB5A22AC31AAE007DAC1F /* Build configuration list for PBXNativeTarget "SwiftUI_E-CommerceUI" */;
			buildPhases = (
				FF2CB58F2AC31AAD007DAC1F /* Sources */,
				FF2CB5902AC31AAD007DAC1F /* Frameworks */,
				FF2CB5912AC31AAD007DAC1F /* Resources */,
			);
			buildRules = (
			);
			dependencies = (
			);
			name = "SwiftUI_E-CommerceUI";
			productName = "SwiftUI_E-CommerceUI";
			productReference = FF2CB5932AC31AAD007DAC1F /* SwiftUI_E-CommerceUI.app */;
			productType = "com.apple.product-type.application";
		};
/* End PBXNativeTarget section */

/* Begin PBXProject section */
		FF2CB58B2AC31AAD007DAC1F /* Project object */ = {
			isa = PBXProject;
			attributes = {
				BuildIndependentTargetsInParallel = 1;
				LastSwiftUpdateCheck = 1500;
				LastUpgradeCheck = 1500;
				TargetAttributes = {
					FF2CB5922AC31AAD007DAC1F = {
						CreatedOnToolsVersion = 15.0;
					};
				};
			};
			buildConfigurationList = FF2CB58E2AC31AAD007DAC1F /* Build configuration list for PBXProject "SwiftUI_E-CommerceUI" */;
			compatibilityVersion = "Xcode 14.0";
			developmentRegion = en;
			hasScannedForEncodings = 0;
			knownRegions = (
				en,
				Base,
			);
			mainGroup = FF2CB58A2AC31AAD007DAC1F;
			productRefGroup = FF2CB5942AC31AAD007DAC1F /* Products */;
			projectDirPath = "";
			projectRoot = "";
			targets = (
				FF2CB5922AC31AAD007DAC1F /* SwiftUI_E-CommerceUI */,
			);
		};
/* End PBXProject section */

/* Begin PBXResourcesBuildPhase section */
		FF2CB5912AC31AAD007DAC1F /* Resources */ = {
			isa = PBXResourcesBuildPhase;
			buildActionMask = 2147483647;
			files = (
				FF2CB5AB2AC31C2A007DAC1F /* Raleway-SemiBold.ttf in Resources */,
				FF2CB5AD2AC31C2A007DAC1F /* Raleway-Regular.ttf in Resources */,
				FF2CB5A62AC31AF6007DAC1F /* Assets.xcassets in Resources */,
				FF2CB59F2AC31AAE007DAC1F /* Preview Assets.xcassets in Resources */,
				FF2CB5AC2AC31C2A007DAC1F /* Raleway-Bold.ttf in Resources */,
			);
			runOnlyForDeploymentPostprocessing = 0;
		};
/* End PBXResourcesBuildPhase section */

/* Begin PBXSourcesBuildPhase section */
		FF2CB58F2AC31AAD007DAC1F /* Sources */ = {
			isa = PBXSourcesBuildPhase;
			buildActionMask = 2147483647;
			files = (
				FF2CB5B32AC32009007DAC1F /* LoginPage.swift in Sources */,
				FF072B162AC6D4A0008C9D3F /* MoreProductsView.swift in Sources */,
				FF072B0C2AC5DBA4008C9D3F /* MainPage.swift in Sources */,
				FF072B122AC5E1D6008C9D3F /* Product.swift in Sources */,
				FF072B142AC5E333008C9D3F /* HomeViewModel.swift in Sources */,
				FF2CB5992AC31AAD007DAC1F /* ContentView.swift in Sources */,
				FF2CB5972AC31AAD007DAC1F /* SwiftUI_E_CommerceUIApp.swift in Sources */,
				FF2CB5B82AC419F6007DAC1F /* CustomCorner.swift in Sources */,
				FF2CB5B62AC32025007DAC1F /* LoginPageViewModel.swift in Sources */,
				FF072B0F2AC5DF1C008C9D3F /* Home.swift in Sources */,
				FF2CB5B12AC31D13007DAC1F /* OnboardingPage.swift in Sources */,
			);
			runOnlyForDeploymentPostprocessing = 0;
		};
/* End PBXSourcesBuildPhase section */

/* Begin XCBuildConfiguration section */
		FF2CB5A02AC31AAE007DAC1F /* Debug */ = {
			isa = XCBuildConfiguration;
			buildSettings = {
				ALWAYS_SEARCH_USER_PATHS = NO;
				ASSETCATALOG_COMPILER_GENERATE_SWIFT_ASSET_SYMBOL_EXTENSIONS = YES;
				CLANG_ANALYZER_NONNULL = YES;
				CLANG_ANALYZER_NUMBER_OBJECT_CONVERSION = YES_AGGRESSIVE;
				CLANG_CXX_LANGUAGE_STANDARD = "gnu++20";
				CLANG_ENABLE_MODULES = YES;
				CLANG_ENABLE_OBJC_ARC = YES;
				CLANG_ENABLE_OBJC_WEAK = YES;
				CLANG_WARN_BLOCK_CAPTURE_AUTORELEASING = YES;
				CLANG_WARN_BOOL_CONVERSION = YES;
				CLANG_WARN_COMMA = YES;
				CLANG_WARN_CONSTANT_CONVERSION = YES;
				CLANG_WARN_DEPRECATED_OBJC_IMPLEMENTATIONS = YES;
				CLANG_WARN_DIRECT_OBJC_ISA_USAGE = YES_ERROR;
				CLANG_WARN_DOCUMENTATION_COMMENTS = YES;
				CLANG_WARN_EMPTY_BODY = YES;
				CLANG_WARN_ENUM_CONVERSION = YES;
				CLANG_WARN_INFINITE_RECURSION = YES;
				CLANG_WARN_INT_CONVERSION = YES;
				CLANG_WARN_NON_LITERAL_NULL_CONVERSION = YES;
				CLANG_WARN_OBJC_IMPLICIT_RETAIN_SELF = YES;
				CLANG_WARN_OBJC_LITERAL_CONVERSION = YES;
				CLANG_WARN_OBJC_ROOT_CLASS = YES_ERROR;
				CLANG_WARN_QUOTED_INCLUDE_IN_FRAMEWORK_HEADER = YES;
				CLANG_WARN_RANGE_LOOP_ANALYSIS = YES;
				CLANG_WARN_STRICT_PROTOTYPES = YES;
				CLANG_WARN_SUSPICIOUS_MOVE = YES;
				CLANG_WARN_UNGUARDED_AVAILABILITY = YES_AGGRESSIVE;
				CLANG_WARN_UNREACHABLE_CODE = YES;
				CLANG_WARN__DUPLICATE_METHOD_MATCH = YES;
				COPY_PHASE_STRIP = NO;
				DEBUG_INFORMATION_FORMAT = dwarf;
				ENABLE_STRICT_OBJC_MSGSEND = YES;
				ENABLE_TESTABILITY = YES;
				ENABLE_USER_SCRIPT_SANDBOXING = YES;
				GCC_C_LANGUAGE_STANDARD = gnu17;
				GCC_DYNAMIC_NO_PIC = NO;
				GCC_NO_COMMON_BLOCKS = YES;
				GCC_OPTIMIZATION_LEVEL = 0;
				GCC_PREPROCESSOR_DEFINITIONS = (
					"DEBUG=1",
					"$(inherited)",
				);
				GCC_WARN_64_TO_32_BIT_CONVERSION = YES;
				GCC_WARN_ABOUT_RETURN_TYPE = YES_ERROR;
				GCC_WARN_UNDECLARED_SELECTOR = YES;
				GCC_WARN_UNINITIALIZED_AUTOS = YES_AGGRESSIVE;
				GCC_WARN_UNUSED_FUNCTION = YES;
				GCC_WARN_UNUSED_VARIABLE = YES;
				LOCALIZATION_PREFERS_STRING_CATALOGS = YES;
				MTL_ENABLE_DEBUG_INFO = INCLUDE_SOURCE;
				MTL_FAST_MATH = YES;
				ONLY_ACTIVE_ARCH = YES;
				SWIFT_ACTIVE_COMPILATION_CONDITIONS = "DEBUG $(inherited)";
				SWIFT_OPTIMIZATION_LEVEL = "-Onone";
			};
			name = Debug;
		};
		FF2CB5A12AC31AAE007DAC1F /* Release */ = {
			isa = XCBuildConfiguration;
			buildSettings = {
				ALWAYS_SEARCH_USER_PATHS = NO;
				ASSETCATALOG_COMPILER_GENERATE_SWIFT_ASSET_SYMBOL_EXTENSIONS = YES;
				CLANG_ANALYZER_NONNULL = YES;
				CLANG_ANALYZER_NUMBER_OBJECT_CONVERSION = YES_AGGRESSIVE;
				CLANG_CXX_LANGUAGE_STANDARD = "gnu++20";
				CLANG_ENABLE_MODULES = YES;
				CLANG_ENABLE_OBJC_ARC = YES;
				CLANG_ENABLE_OBJC_WEAK = YES;
				CLANG_WARN_BLOCK_CAPTURE_AUTORELEASING = YES;
				CLANG_WARN_BOOL_CONVERSION = YES;
				CLANG_WARN_COMMA = YES;
				CLANG_WARN_CONSTANT_CONVERSION = YES;
				CLANG_WARN_DEPRECATED_OBJC_IMPLEMENTATIONS = YES;
				CLANG_WARN_DIRECT_OBJC_ISA_USAGE = YES_ERROR;
				CLANG_WARN_DOCUMENTATION_COMMENTS = YES;
				CLANG_WARN_EMPTY_BODY = YES;
				CLANG_WARN_ENUM_CONVERSION = YES;
				CLANG_WARN_INFINITE_RECURSION = YES;
				CLANG_WARN_INT_CONVERSION = YES;
				CLANG_WARN_NON_LITERAL_NULL_CONVERSION = YES;
				CLANG_WARN_OBJC_IMPLICIT_RETAIN_SELF = YES;
				CLANG_WARN_OBJC_LITERAL_CONVERSION = YES;
				CLANG_WARN_OBJC_ROOT_CLASS = YES_ERROR;
				CLANG_WARN_QUOTED_INCLUDE_IN_FRAMEWORK_HEADER = YES;
				CLANG_WARN_RANGE_LOOP_ANALYSIS = YES;
				CLANG_WARN_STRICT_PROTOTYPES = YES;
				CLANG_WARN_SUSPICIOUS_MOVE = YES;
				CLANG_WARN_UNGUARDED_AVAILABILITY = YES_AGGRESSIVE;
				CLANG_WARN_UNREACHABLE_CODE = YES;
				CLANG_WARN__DUPLICATE_METHOD_MATCH = YES;
				COPY_PHASE_STRIP = NO;
				DEBUG_INFORMATION_FORMAT = "dwarf-with-dsym";
				ENABLE_NS_ASSERTIONS = NO;
				ENABLE_STRICT_OBJC_MSGSEND = YES;
				ENABLE_USER_SCRIPT_SANDBOXING = YES;
				GCC_C_LANGUAGE_STANDARD = gnu17;
				GCC_NO_COMMON_BLOCKS = YES;
				GCC_WARN_64_TO_32_BIT_CONVERSION = YES;
				GCC_WARN_ABOUT_RETURN_TYPE = YES_ERROR;
				GCC_WARN_UNDECLARED_SELECTOR = YES;
				GCC_WARN_UNINITIALIZED_AUTOS = YES_AGGRESSIVE;
				GCC_WARN_UNUSED_FUNCTION = YES;
				GCC_WARN_UNUSED_VARIABLE = YES;
				LOCALIZATION_PREFERS_STRING_CATALOGS = YES;
				MTL_ENABLE_DEBUG_INFO = NO;
				MTL_FAST_MATH = YES;
				SWIFT_COMPILATION_MODE = wholemodule;
			};
			name = Release;
		};
		FF2CB5A32AC31AAE007DAC1F /* Debug */ = {
			isa = XCBuildConfiguration;
			buildSettings = {
				ASSETCATALOG_COMPILER_APPICON_NAME = AppIcon;
				ASSETCATALOG_COMPILER_GLOBAL_ACCENT_COLOR_NAME = AccentColor;
				CODE_SIGN_ENTITLEMENTS = "SwiftUI_E-CommerceUI/SwiftUI_E_CommerceUI.entitlements";
				CODE_SIGN_STYLE = Automatic;
				CURRENT_PROJECT_VERSION = 1;
				DEVELOPMENT_ASSET_PATHS = "\"SwiftUI_E-CommerceUI/Preview Content\"";
				DEVELOPMENT_TEAM = FRBYK4548E;
				ENABLE_HARDENED_RUNTIME = YES;
				ENABLE_PREVIEWS = YES;
				GENERATE_INFOPLIST_FILE = YES;
				INFOPLIST_FILE = "SwiftUI-E-CommerceUI-Info.plist";
				"INFOPLIST_KEY_UIApplicationSceneManifest_Generation[sdk=iphoneos*]" = YES;
				"INFOPLIST_KEY_UIApplicationSceneManifest_Generation[sdk=iphonesimulator*]" = YES;
				"INFOPLIST_KEY_UIApplicationSupportsIndirectInputEvents[sdk=iphoneos*]" = YES;
				"INFOPLIST_KEY_UIApplicationSupportsIndirectInputEvents[sdk=iphonesimulator*]" = YES;
				"INFOPLIST_KEY_UILaunchScreen_Generation[sdk=iphoneos*]" = YES;
				"INFOPLIST_KEY_UILaunchScreen_Generation[sdk=iphonesimulator*]" = YES;
				"INFOPLIST_KEY_UIStatusBarStyle[sdk=iphoneos*]" = UIStatusBarStyleDefault;
				"INFOPLIST_KEY_UIStatusBarStyle[sdk=iphonesimulator*]" = UIStatusBarStyleDefault;
				INFOPLIST_KEY_UISupportedInterfaceOrientations_iPad = "UIInterfaceOrientationPortrait UIInterfaceOrientationPortraitUpsideDown UIInterfaceOrientationLandscapeLeft UIInterfaceOrientationLandscapeRight";
				INFOPLIST_KEY_UISupportedInterfaceOrientations_iPhone = "UIInterfaceOrientationPortrait UIInterfaceOrientationLandscapeLeft UIInterfaceOrientationLandscapeRight";
				IPHONEOS_DEPLOYMENT_TARGET = 17.0;
				LD_RUNPATH_SEARCH_PATHS = "@executable_path/Frameworks";
				"LD_RUNPATH_SEARCH_PATHS[sdk=macosx*]" = "@executable_path/../Frameworks";
				MACOSX_DEPLOYMENT_TARGET = 13.5;
				MARKETING_VERSION = 1.0;
				PRODUCT_BUNDLE_IDENTIFIER = "boardguy.SwiftUI-E-CommerceUI";
				PRODUCT_NAME = "$(TARGET_NAME)";
				SDKROOT = auto;
				SUPPORTED_PLATFORMS = "iphoneos iphonesimulator macosx";
				SWIFT_EMIT_LOC_STRINGS = YES;
				SWIFT_VERSION = 5.0;
				TARGETED_DEVICE_FAMILY = "1,2";
			};
			name = Debug;
		};
		FF2CB5A42AC31AAE007DAC1F /* Release */ = {
			isa = XCBuildConfiguration;
			buildSettings = {
				ASSETCATALOG_COMPILER_APPICON_NAME = AppIcon;
				ASSETCATALOG_COMPILER_GLOBAL_ACCENT_COLOR_NAME = AccentColor;
				CODE_SIGN_ENTITLEMENTS = "SwiftUI_E-CommerceUI/SwiftUI_E_CommerceUI.entitlements";
				CODE_SIGN_STYLE = Automatic;
				CURRENT_PROJECT_VERSION = 1;
				DEVELOPMENT_ASSET_PATHS = "\"SwiftUI_E-CommerceUI/Preview Content\"";
				DEVELOPMENT_TEAM = FRBYK4548E;
				ENABLE_HARDENED_RUNTIME = YES;
				ENABLE_PREVIEWS = YES;
				GENERATE_INFOPLIST_FILE = YES;
				INFOPLIST_FILE = "SwiftUI-E-CommerceUI-Info.plist";
				"INFOPLIST_KEY_UIApplicationSceneManifest_Generation[sdk=iphoneos*]" = YES;
				"INFOPLIST_KEY_UIApplicationSceneManifest_Generation[sdk=iphonesimulator*]" = YES;
				"INFOPLIST_KEY_UIApplicationSupportsIndirectInputEvents[sdk=iphoneos*]" = YES;
				"INFOPLIST_KEY_UIApplicationSupportsIndirectInputEvents[sdk=iphonesimulator*]" = YES;
				"INFOPLIST_KEY_UILaunchScreen_Generation[sdk=iphoneos*]" = YES;
				"INFOPLIST_KEY_UILaunchScreen_Generation[sdk=iphonesimulator*]" = YES;
				"INFOPLIST_KEY_UIStatusBarStyle[sdk=iphoneos*]" = UIStatusBarStyleDefault;
				"INFOPLIST_KEY_UIStatusBarStyle[sdk=iphonesimulator*]" = UIStatusBarStyleDefault;
				INFOPLIST_KEY_UISupportedInterfaceOrientations_iPad = "UIInterfaceOrientationPortrait UIInterfaceOrientationPortraitUpsideDown UIInterfaceOrientationLandscapeLeft UIInterfaceOrientationLandscapeRight";
				INFOPLIST_KEY_UISupportedInterfaceOrientations_iPhone = "UIInterfaceOrientationPortrait UIInterfaceOrientationLandscapeLeft UIInterfaceOrientationLandscapeRight";
				IPHONEOS_DEPLOYMENT_TARGET = 17.0;
				LD_RUNPATH_SEARCH_PATHS = "@executable_path/Frameworks";
				"LD_RUNPATH_SEARCH_PATHS[sdk=macosx*]" = "@executable_path/../Frameworks";
				MACOSX_DEPLOYMENT_TARGET = 13.5;
				MARKETING_VERSION = 1.0;
				PRODUCT_BUNDLE_IDENTIFIER = "boardguy.SwiftUI-E-CommerceUI";
				PRODUCT_NAME = "$(TARGET_NAME)";
				SDKROOT = auto;
				SUPPORTED_PLATFORMS = "iphoneos iphonesimulator macosx";
				SWIFT_EMIT_LOC_STRINGS = YES;
				SWIFT_VERSION = 5.0;
				TARGETED_DEVICE_FAMILY = "1,2";
			};
			name = Release;
		};
/* End XCBuildConfiguration section */

/* Begin XCConfigurationList section */
		FF2CB58E2AC31AAD007DAC1F /* Build configuration list for PBXProject "SwiftUI_E-CommerceUI" */ = {
			isa = XCConfigurationList;
			buildConfigurations = (
				FF2CB5A02AC31AAE007DAC1F /* Debug */,
				FF2CB5A12AC31AAE007DAC1F /* Release */,
			);
			defaultConfigurationIsVisible = 0;
			defaultConfigurationName = Release;
		};
		FF2CB5A22AC31AAE007DAC1F /* Build configuration list for PBXNativeTarget "SwiftUI_E-CommerceUI" */ = {
			isa = XCConfigurationList;
			buildConfigurations = (
				FF2CB5A32AC31AAE007DAC1F /* Debug */,
				FF2CB5A42AC31AAE007DAC1F /* Release */,
			);
			defaultConfigurationIsVisible = 0;
			defaultConfigurationName = Release;
		};
/* End XCConfigurationList section */
	};
	rootObject = FF2CB58B2AC31AAD007DAC1F /* Project object */;
}
